
Microsoft Visual Studio Solution File, Format Version 12.00
# Visual Studio 15
VisualStudioVersion = 15.0.27130.2026
MinimumVisualStudioVersion = 10.0.40219.1
Project("{FAE04EC0-301F-11D3-BF4B-00C04F79EFBC}") = "OoleyCheker", "OoleyCheker\OoleyCheker.csproj", "{054419B8-394C-418E-82F7-CDB519F16157}"
EndProject
Global
	GlobalSection(SolutionConfigurationPlatforms) = preSolution
		Debug|Any CPU = Debug|Any CPU
		Release|Any CPU = Release|Any CPU
	EndGlobalSection
	GlobalSection(ProjectConfigurationPlatforms) = postSolution
		{054419B8-394C-418E-82F7-CDB519F16157}.Debug|Any CPU.ActiveCfg = Debug|Any CPU
		{054419B8-394C-418E-82F7-CDB519F16157}.Debug|Any CPU.Build.0 = Debug|Any CPU
		{054419B8-394C-418E-82F7-CDB519F16157}.Release|Any CPU.ActiveCfg = Release|Any CPU
		{054419B8-394C-418E-82F7-CDB519F16157}.Release|Any CPU.Build.0 = Release|Any CPU
	EndGlobalSection
	GlobalSection(SolutionProperties) = preSolution
		HideSolutionNode = FALSE
	EndGlobalSection
	GlobalSection(ExtensibilityGlobals) = postSolution
		SolutionGuid = {75A29473-F0AD-4EC4-A863-ABE6D107938B}
	EndGlobalSection
EndGlobal
